
Microsoft Visual Studio Solution File, Format Version 11.00
# Visual Studio 2010
Project("{FAE04EC0-301F-11D3-BF4B-00C04F79EFBC}") = "LibVirmata", "LibVirmata.csproj", "{B99A626B-1FC0-4E1E-8D3A-0BAF6463FE9C}"
EndProject
Global
	GlobalSection(SolutionConfigurationPlatforms) = preSolution
		Debug|Any CPU = Debug|Any CPU
		Release|Any CPU = Release|Any CPU
	EndGlobalSection
	GlobalSection(ProjectConfigurationPlatforms) = postSolution
		{B99A626B-1FC0-4E1E-8D3A-0BAF6463FE9C}.Debug|Any CPU.ActiveCfg = Debug|Any CPU
		{B99A626B-1FC0-4E1E-8D3A-0BAF6463FE9C}.Debug|Any CPU.Build.0 = Debug|Any CPU
		{B99A626B-1FC0-4E1E-8D3A-0BAF6463FE9C}.Release|Any CPU.ActiveCfg = Release|Any CPU
		{B99A626B-1FC0-4E1E-8D3A-0BAF6463FE9C}.Release|Any CPU.Build.0 = Release|Any CPU
	EndGlobalSection
	GlobalSection(MonoDevelopProperties) = preSolution
		StartupItem = LibVirmata.csproj
	EndGlobalSection
EndGlobal
